
Microsoft Visual Studio Solution File, Format Version 12.00
# Visual Studio Version 17
VisualStudioVersion = 17.14.37027.9
MinimumVisualStudioVersion = 10.0.40219.1
Project("{FAE04EC0-301F-11D3-BF4B-00C04F79EFBC}") = "BillsPayment.api", "BillsPayment.api.csproj", "{32911F9C-ADCA-43F3-AB14-752ECC7AC04D}"
EndProject
Global
	GlobalSection(SolutionConfigurationPlatforms) = preSolution
		Debug|Any CPU = Debug|Any CPU
		Release|Any CPU = Release|Any CPU
	EndGlobalSection
	GlobalSection(ProjectConfigurationPlatforms) = postSolution
		{32911F9C-ADCA-43F3-AB14-752ECC7AC04D}.Debug|Any CPU.ActiveCfg = Debug|Any CPU
		{32911F9C-ADCA-43F3-AB14-752ECC7AC04D}.Debug|Any CPU.Build.0 = Debug|Any CPU
		{32911F9C-ADCA-43F3-AB14-752ECC7AC04D}.Release|Any CPU.ActiveCfg = Release|Any CPU
		{32911F9C-ADCA-43F3-AB14-752ECC7AC04D}.Release|Any CPU.Build.0 = Release|Any CPU
	EndGlobalSection
	GlobalSection(SolutionProperties) = preSolution
		HideSolutionNode = FALSE
	EndGlobalSection
	GlobalSection(ExtensibilityGlobals) = postSolution
		SolutionGuid = {B04607D3-6767-41CB-A18A-4095C61B2312}
	EndGlobalSection
EndGlobal
